
Microsoft Visual Studio Solution File, Format Version 12.00
# Visual Studio Version 17
VisualStudioVersion = 17.3.32825.248
MinimumVisualStudioVersion = 10.0.40219.1
Project("{FAE04EC0-301F-11D3-BF4B-00C04F79EFBC}") = "MinMaxArray", "MinMaxArray\MinMaxArray.csproj", "{9C2FE779-7FB4-4CD2-BDA7-89081FB0452A}"
EndProject
Global
	GlobalSection(SolutionConfigurationPlatforms) = preSolution
		Debug|Any CPU = Debug|Any CPU
		Release|Any CPU = Release|Any CPU
	EndGlobalSection
	GlobalSection(ProjectConfigurationPlatforms) = postSolution
		{9C2FE779-7FB4-4CD2-BDA7-89081FB0452A}.Debug|Any CPU.ActiveCfg = Debug|Any CPU
		{9C2FE779-7FB4-4CD2-BDA7-89081FB0452A}.Debug|Any CPU.Build.0 = Debug|Any CPU
		{9C2FE779-7FB4-4CD2-BDA7-89081FB0452A}.Release|Any CPU.ActiveCfg = Release|Any CPU
		{9C2FE779-7FB4-4CD2-BDA7-89081FB0452A}.Release|Any CPU.Build.0 = Release|Any CPU
	EndGlobalSection
	GlobalSection(SolutionProperties) = preSolution
		HideSolutionNode = FALSE
	EndGlobalSection
	GlobalSection(ExtensibilityGlobals) = postSolution
		SolutionGuid = {F5D30372-E33D-44F3-B749-5D5D85715B2A}
	EndGlobalSection
EndGlobal
